
Microsoft Visual Studio Solution File, Format Version 12.00
# Visual Studio Version 17
VisualStudioVersion = 17.5.33424.131
MinimumVisualStudioVersion = 10.0.40219.1
Project("{FAE04EC0-301F-11D3-BF4B-00C04F79EFBC}") = "WpfApp", "WpfApp\WpfApp.csproj", "{8A3BD274-E63A-4963-BA97-4A34452810A6}"
EndProject
Project("{9A19103F-16F7-4668-BE54-9A1E7A4F7556}") = "WpfDemoNet6", "WpfDemoNet6\WpfDemoNet6.csproj", "{9B9140B8-84FD-4058-B3A4-5D7069CEB5CE}"
EndProject
Project("{9A19103F-16F7-4668-BE54-9A1E7A4F7556}") = "CommunityToolkitMvvmDemo", "CommunityToolkitMvvmDemo\CommunityToolkitMvvmDemo.csproj", "{C9866C50-456E-40A8-9900-9BB7A2FBA04F}"
EndProject
Project("{9A19103F-16F7-4668-BE54-9A1E7A4F7556}") = "HandyOrgDemo", "HandyOrgDemo\HandyOrgDemo.csproj", "{29000807-791F-4EBD-80ED-17F9AE7D2781}"
EndProject
Project("{9A19103F-16F7-4668-BE54-9A1E7A4F7556}") = "CalcBindDemo", "CalcBindDemo\CalcBindDemo.csproj", "{E33B6E41-26B0-4ABA-8B70-489BEC20F482}"
EndProject
Project("{FAE04EC0-301F-11D3-BF4B-00C04F79EFBC}") = "PrismDemo", "PrismDemo\PrismDemo.csproj", "{85E2C122-4285-4B11-89EB-1F04BEEE833C}"
EndProject
Project("{FAE04EC0-301F-11D3-BF4B-00C04F79EFBC}") = "ChartsDemo", "ChartsDemo\ChartsDemo.csproj", "{3BEE410B-C284-46C8-842E-76B4F2C6CB08}"
EndProject
Global
	GlobalSection(SolutionConfigurationPlatforms) = preSolution
		Debug|Any CPU = Debug|Any CPU
		Release|Any CPU = Release|Any CPU
	EndGlobalSection
	GlobalSection(ProjectConfigurationPlatforms) = postSolution
		{8A3BD274-E63A-4963-BA97-4A34452810A6}.Debug|Any CPU.ActiveCfg = Debug|Any CPU
		{8A3BD274-E63A-4963-BA97-4A34452810A6}.Debug|Any CPU.Build.0 = Debug|Any CPU
		{8A3BD274-E63A-4963-BA97-4A34452810A6}.Release|Any CPU.ActiveCfg = Release|Any CPU
		{8A3BD274-E63A-4963-BA97-4A34452810A6}.Release|Any CPU.Build.0 = Release|Any CPU
		{9B9140B8-84FD-4058-B3A4-5D7069CEB5CE}.Debug|Any CPU.ActiveCfg = Debug|Any CPU
		{9B9140B8-84FD-4058-B3A4-5D7069CEB5CE}.Debug|Any CPU.Build.0 = Debug|Any CPU
		{9B9140B8-84FD-4058-B3A4-5D7069CEB5CE}.Release|Any CPU.ActiveCfg = Release|Any CPU
		{9B9140B8-84FD-4058-B3A4-5D7069CEB5CE}.Release|Any CPU.Build.0 = Release|Any CPU
		{C9866C50-456E-40A8-9900-9BB7A2FBA04F}.Debug|Any CPU.ActiveCfg = Debug|Any CPU
		{C9866C50-456E-40A8-9900-9BB7A2FBA04F}.Debug|Any CPU.Build.0 = Debug|Any CPU
		{C9866C50-456E-40A8-9900-9BB7A2FBA04F}.Release|Any CPU.ActiveCfg = Release|Any CPU
		{C9866C50-456E-40A8-9900-9BB7A2FBA04F}.Release|Any CPU.Build.0 = Release|Any CPU
		{29000807-791F-4EBD-80ED-17F9AE7D2781}.Debug|Any CPU.ActiveCfg = Debug|Any CPU
		{29000807-791F-4EBD-80ED-17F9AE7D2781}.Debug|Any CPU.Build.0 = Debug|Any CPU
		{29000807-791F-4EBD-80ED-17F9AE7D2781}.Release|Any CPU.ActiveCfg = Release|Any CPU
		{29000807-791F-4EBD-80ED-17F9AE7D2781}.Release|Any CPU.Build.0 = Release|Any CPU
		{E33B6E41-26B0-4ABA-8B70-489BEC20F482}.Debug|Any CPU.ActiveCfg = Debug|Any CPU
		{E33B6E41-26B0-4ABA-8B70-489BEC20F482}.Debug|Any CPU.Build.0 = Debug|Any CPU
		{E33B6E41-26B0-4ABA-8B70-489BEC20F482}.Release|Any CPU.ActiveCfg = Release|Any CPU
		{E33B6E41-26B0-4ABA-8B70-489BEC20F482}.Release|Any CPU.Build.0 = Release|Any CPU
		{85E2C122-4285-4B11-89EB-1F04BEEE833C}.Debug|Any CPU.ActiveCfg = Debug|Any CPU
		{85E2C122-4285-4B11-89EB-1F04BEEE833C}.Debug|Any CPU.Build.0 = Debug|Any CPU
		{85E2C122-4285-4B11-89EB-1F04BEEE833C}.Release|Any CPU.ActiveCfg = Release|Any CPU
		{85E2C122-4285-4B11-89EB-1F04BEEE833C}.Release|Any CPU.Build.0 = Release|Any CPU
		{3BEE410B-C284-46C8-842E-76B4F2C6CB08}.Debug|Any CPU.ActiveCfg = Debug|Any CPU
		{3BEE410B-C284-46C8-842E-76B4F2C6CB08}.Debug|Any CPU.Build.0 = Debug|Any CPU
		{3BEE410B-C284-46C8-842E-76B4F2C6CB08}.Release|Any CPU.ActiveCfg = Release|Any CPU
		{3BEE410B-C284-46C8-842E-76B4F2C6CB08}.Release|Any CPU.Build.0 = Release|Any CPU
	EndGlobalSection
	GlobalSection(SolutionProperties) = preSolution
		HideSolutionNode = FALSE
	EndGlobalSection
	GlobalSection(ExtensibilityGlobals) = postSolution
		SolutionGuid = {FA94DE25-2C33-49CD-8C49-85E5035B89FD}
	EndGlobalSection
EndGlobal
